# @generated - this file is auto-generated by `mise lock` https://mise.jdx.dev/dev-tools/mise-lock.html

lockfile_version = 2

[[tools.ruby]]
version = "4.0.7"
backend = "core:ruby"
specifiers = ["4.0.7"]

[tools.ruby."platforms.windows-x64"]
checksum = "sha256:7a9be96d3448ecbd9a81eccae1f619131dfcc761f2c98dded03ece6c05d0474f"
url = "https://github.com/oneclick/rubyinstaller2/releases/download/RubyInstaller-4.0.7-1/rubyinstaller-4.0.7-1-x64.7z"

[[tools.ruby]]
version = "4.0.7"
backend = "core:ruby"
specifiers = ["4.0.7"]

[tools.ruby.options]
compile = "false"
precompiled_url = "jdx/ruby"
ruby_build_opts = "--disable-install-doc"
ruby_build_repo = "https://github.com/rbenv/ruby-build.git"
ruby_install = "false"

[tools.ruby."platforms.linux-arm64"]
checksum = "sha256:453bf09d3991ada482dbcdae5af697ce59aaa5586f3f906a7ff46af5de9afed8"
url = "https://github.com/jdx/ruby/releases/download/4.0.7-1/ruby-4.0.7.arm64_linux.tar.gz"
provenance = "github-attestations"

[tools.ruby."platforms.linux-arm64-musl"]
checksum = "sha256:911ace20f90d068ca0e4dda6d0e4f0f81e52e52f2dd4f4004c721e253412e82d"
url = "https://cache.ruby-lang.org/pub/ruby/4.0/ruby-4.0.7.tar.gz"

[tools.ruby."platforms.linux-x64"]
checksum = "sha256:32cd7e6ac93126e0f91dc40a0d2e6213f24a38be77937671e6cb82f82ea4ffe2"
url = "https://github.com/jdx/ruby/releases/download/4.0.7-1/ruby-4.0.7.x86_64_linux.tar.gz"
provenance = "github-attestations"

[tools.ruby."platforms.linux-x64-musl"]
checksum = "sha256:911ace20f90d068ca0e4dda6d0e4f0f81e52e52f2dd4f4004c721e253412e82d"
url = "https://cache.ruby-lang.org/pub/ruby/4.0/ruby-4.0.7.tar.gz"

[tools.ruby."platforms.macos-arm64"]
checksum = "sha256:1b239cb6e4f8ba27e890e025c723c00ba781b993ac12aab2029618f347c2206d"
url = "https://github.com/jdx/ruby/releases/download/4.0.7-1/ruby-4.0.7.macos.tar.gz"
provenance = "github-attestations"

[tools.ruby."platforms.macos-x64"]
checksum = "sha256:911ace20f90d068ca0e4dda6d0e4f0f81e52e52f2dd4f4004c721e253412e82d"
url = "https://cache.ruby-lang.org/pub/ruby/4.0/ruby-4.0.7.tar.gz"
